
Microsoft Visual Studio Solution File, Format Version 12.00
# Visual Studio Version 17
VisualStudioVersion = 17.9.34728.123
MinimumVisualStudioVersion = 10.0.40219.1
Project("{FAE04EC0-301F-11D3-BF4B-00C04F79EFBC}") = "CMCS", "CMCS\CMCS.csproj", "{CFEEEB00-ABA0-49C1-A000-68DD222EB36A}"
EndProject
Global
	GlobalSection(SolutionConfigurationPlatforms) = preSolution
		Debug|Any CPU = Debug|Any CPU
		Release|Any CPU = Release|Any CPU
	EndGlobalSection
	GlobalSection(ProjectConfigurationPlatforms) = postSolution
		{CFEEEB00-ABA0-49C1-A000-68DD222EB36A}.Debug|Any CPU.ActiveCfg = Debug|Any CPU
		{CFEEEB00-ABA0-49C1-A000-68DD222EB36A}.Debug|Any CPU.Build.0 = Debug|Any CPU
		{CFEEEB00-ABA0-49C1-A000-68DD222EB36A}.Release|Any CPU.ActiveCfg = Release|Any CPU
		{CFEEEB00-ABA0-49C1-A000-68DD222EB36A}.Release|Any CPU.Build.0 = Release|Any CPU
	EndGlobalSection
	GlobalSection(SolutionProperties) = preSolution
		HideSolutionNode = FALSE
	EndGlobalSection
	GlobalSection(ExtensibilityGlobals) = postSolution
		SolutionGuid = {CB002DC1-5F79-4640-8D30-78E6A5EFA53B}
	EndGlobalSection
EndGlobal
